
Microsoft Visual Studio Solution File, Format Version 12.00
# Visual Studio 15
VisualStudioVersion = 15.0.28307.902
MinimumVisualStudioVersion = 10.0.40219.1
Project("{FAE04EC0-301F-11D3-BF4B-00C04F79EFBC}") = "SideProjectVidly", "SideProjectVidly\SideProjectVidly.csproj", "{9982EFF2-2C81-4F91-B151-D0AD6CBA3229}"
EndProject
Global
	GlobalSection(SolutionConfigurationPlatforms) = preSolution
		Debug|Any CPU = Debug|Any CPU
		Release|Any CPU = Release|Any CPU
	EndGlobalSection
	GlobalSection(ProjectConfigurationPlatforms) = postSolution
		{9982EFF2-2C81-4F91-B151-D0AD6CBA3229}.Debug|Any CPU.ActiveCfg = Debug|Any CPU
		{9982EFF2-2C81-4F91-B151-D0AD6CBA3229}.Debug|Any CPU.Build.0 = Debug|Any CPU
		{9982EFF2-2C81-4F91-B151-D0AD6CBA3229}.Release|Any CPU.ActiveCfg = Release|Any CPU
		{9982EFF2-2C81-4F91-B151-D0AD6CBA3229}.Release|Any CPU.Build.0 = Release|Any CPU
	EndGlobalSection
	GlobalSection(SolutionProperties) = preSolution
		HideSolutionNode = FALSE
	EndGlobalSection
	GlobalSection(ExtensibilityGlobals) = postSolution
		SolutionGuid = {E4A49961-C3DA-4CE3-8137-7D576CAC1C91}
	EndGlobalSection
EndGlobal
